// !$*UTF8*$!
{
	archiveVersion = 1;
	classes = {
	};
	objectVersion = 55;
	objects = {

/* Begin PBXBuildFile section */
		A2F142F528C4ED840091CCAF /* BoxView.swift in Sources */ = {isa = PBXBuildFile; fileRef = A2F142F428C4ED840091CCAF /* BoxView.swift */; };
		A2F142F828C4F2E60091CCAF /* TextInput.swift in Sources */ = {isa = PBXBuildFile; fileRef = A2F142F728C4F2E60091CCAF /* TextInput.swift */; };
		A2F142FB28C4F4D50091CCAF /* BaseView.swift in Sources */ = {isa = PBXBuildFile; fileRef = A2F142FA28C4F4D50091CCAF /* BaseView.swift */; };
		A2F142FF28C4FB030091CCAF /* Constants.swift in Sources */ = {isa = PBXBuildFile; fileRef = A2F142FE28C4FB030091CCAF /* Constants.swift */; };
		A2F1430228C532640091CCAF /* PlayerView.swift in Sources */ = {isa = PBXBuildFile; fileRef = A2F1430128C532640091CCAF /* PlayerView.swift */; };
		A2F1430428C5327E0091CCAF /* PlayerUIView.swift in Sources */ = {isa = PBXBuildFile; fileRef = A2F1430328C5327E0091CCAF /* PlayerUIView.swift */; };
		A2F1430628C532930091CCAF /* PlayerViewController.swift in Sources */ = {isa = PBXBuildFile; fileRef = A2F1430528C532930091CCAF /* PlayerViewController.swift */; };
		A2F1430828C534200091CCAF /* AppUtils.swift in Sources */ = {isa = PBXBuildFile; fileRef = A2F1430728C534200091CCAF /* AppUtils.swift */; };
		A2F1430B28C53B020091CCAF /* PlayerProgressBarView.swift in Sources */ = {isa = PBXBuildFile; fileRef = A2F1430A28C53B020091CCAF /* PlayerProgressBarView.swift */; };
		A2F1430D28C6501F0091CCAF /* Double+Utils.swift in Sources */ = {isa = PBXBuildFile; fileRef = A2F1430C28C6501F0091CCAF /* Double+Utils.swift */; };
		A2F1430F28C65D610091CCAF /* channels.json in Resources */ = {isa = PBXBuildFile; fileRef = A2F1430E28C65D610091CCAF /* channels.json */; };
		A2F1431128C65FBB0091CCAF /* PlayPauseView.swift in Sources */ = {isa = PBXBuildFile; fileRef = A2F1431028C65FBB0091CCAF /* PlayPauseView.swift */; };
		A2F1431428C761380091CCAF /* HCarouselView.swift in Sources */ = {isa = PBXBuildFile; fileRef = A2F1431328C761380091CCAF /* HCarouselView.swift */; };
		A2F1431628C763320091CCAF /* CarouselViewController.swift in Sources */ = {isa = PBXBuildFile; fileRef = A2F1431528C763320091CCAF /* CarouselViewController.swift */; };
		A2F1431828C764710091CCAF /* HCardCell.swift in Sources */ = {isa = PBXBuildFile; fileRef = A2F1431728C764710091CCAF /* HCardCell.swift */; };
		A2F1431A28C7654C0091CCAF /* UIImageView+Utils.swift in Sources */ = {isa = PBXBuildFile; fileRef = A2F1431928C7654C0091CCAF /* UIImageView+Utils.swift */; };
		A2F1431C28C76F970091CCAF /* Networking.swift in Sources */ = {isa = PBXBuildFile; fileRef = A2F1431B28C76F970091CCAF /* Networking.swift */; };
		A2F1431E28C76FA80091CCAF /* Channel.swift in Sources */ = {isa = PBXBuildFile; fileRef = A2F1431D28C76FA80091CCAF /* Channel.swift */; };
		A2F1432228C7CC100091CCAF /* Spinner.swift in Sources */ = {isa = PBXBuildFile; fileRef = A2F1432128C7CC100091CCAF /* Spinner.swift */; };
		A2F1432428C7D1DA0091CCAF /* UIViewController+Utils.swift in Sources */ = {isa = PBXBuildFile; fileRef = A2F1432328C7D1DA0091CCAF /* UIViewController+Utils.swift */; };
		A2F1432728C7F2870091CCAF /* ReactiveButton.swift in Sources */ = {isa = PBXBuildFile; fileRef = A2F1432628C7F2870091CCAF /* ReactiveButton.swift */; };
		A2F1432928C7F2980091CCAF /* ReactiveViewController.swift in Sources */ = {isa = PBXBuildFile; fileRef = A2F1432828C7F2980091CCAF /* ReactiveViewController.swift */; };
		A2F1432E28C942560091CCAF /* M3UKit in Frameworks */ = {isa = PBXBuildFile; productRef = A2F1432D28C942560091CCAF /* M3UKit */; };
		A2F1433128CA2DFF0091CCAF /* Carousel.swift in Sources */ = {isa = PBXBuildFile; fileRef = A2F1433028CA2DFF0091CCAF /* Carousel.swift */; };
		A2F1433B28CA38400091CCAF /* LandingViewController.swift in Sources */ = {isa = PBXBuildFile; fileRef = A2F1433A28CA38400091CCAF /* LandingViewController.swift */; };
		A2F1433F28CA44960091CCAF /* CCardViewCell.swift in Sources */ = {isa = PBXBuildFile; fileRef = A2F1433D28CA44960091CCAF /* CCardViewCell.swift */; };
		A2F1434028CA44960091CCAF /* CCardViewCell.xib in Resources */ = {isa = PBXBuildFile; fileRef = A2F1433E28CA44960091CCAF /* CCardViewCell.xib */; };
		A2F1434228CA59400091CCAF /* CarouselCell.swift in Sources */ = {isa = PBXBuildFile; fileRef = A2F1434128CA59400091CCAF /* CarouselCell.swift */; };
		A2FF13A028BA746A002F4F54 /* AppDelegate.swift in Sources */ = {isa = PBXBuildFile; fileRef = A2FF139F28BA746A002F4F54 /* AppDelegate.swift */; };
		A2FF13A928BA746C002F4F54 /* Assets.xcassets in Resources */ = {isa = PBXBuildFile; fileRef = A2FF13A828BA746C002F4F54 /* Assets.xcassets */; };
		A2FF13AC28BA746C002F4F54 /* LaunchScreen.storyboard in Resources */ = {isa = PBXBuildFile; fileRef = A2FF13AA28BA746C002F4F54 /* LaunchScreen.storyboard */; };
		A2FF13B528BA74F3002F4F54 /* MainViewController.swift in Sources */ = {isa = PBXBuildFile; fileRef = A2FF13B428BA74F3002F4F54 /* MainViewController.swift */; };
		A2FF13B728BA7616002F4F54 /* ButtonView.swift in Sources */ = {isa = PBXBuildFile; fileRef = A2FF13B628BA7616002F4F54 /* ButtonView.swift */; };
		A2FF13B928BAAF83002F4F54 /* Colors.swift in Sources */ = {isa = PBXBuildFile; fileRef = A2FF13B828BAAF83002F4F54 /* Colors.swift */; };
		A2FF13BC28BAB214002F4F54 /* UIView+Utils.swift in Sources */ = {isa = PBXBuildFile; fileRef = A2FF13BB28BAB214002F4F54 /* UIView+Utils.swift */; };
/* End PBXBuildFile section */

/* Begin PBXFileReference section */
		A2F142F428C4ED840091CCAF /* BoxView.swift */ = {isa = PBXFileReference; lastKnownFileType = sourcecode.swift; path = BoxView.swift; sourceTree = "<group>"; };
		A2F142F728C4F2E60091CCAF /* TextInput.swift */ = {isa = PBXFileReference; lastKnownFileType = sourcecode.swift; path = TextInput.swift; sourceTree = "<group>"; };
		A2F142FA28C4F4D50091CCAF /* BaseView.swift */ = {isa = PBXFileReference; lastKnownFileType = sourcecode.swift; path = BaseView.swift; sourceTree = "<group>"; };
		A2F142FE28C4FB030091CCAF /* Constants.swift */ = {isa = PBXFileReference; lastKnownFileType = sourcecode.swift; path = Constants.swift; sourceTree = "<group>"; };
		A2F1430128C532640091CCAF /* PlayerView.swift */ = {isa = PBXFileReference; lastKnownFileType = sourcecode.swift; path = PlayerView.swift; sourceTree = "<group>"; };
		A2F1430328C5327E0091CCAF /* PlayerUIView.swift */ = {isa = PBXFileReference; lastKnownFileType = sourcecode.swift; path = PlayerUIView.swift; sourceTree = "<group>"; };
		A2F1430528C532930091CCAF /* PlayerViewController.swift */ = {isa = PBXFileReference; lastKnownFileType = sourcecode.swift; path = PlayerViewController.swift; sourceTree = "<group>"; };
		A2F1430728C534200091CCAF /* AppUtils.swift */ = {isa = PBXFileReference; lastKnownFileType = sourcecode.swift; path = AppUtils.swift; sourceTree = "<group>"; };
		A2F1430A28C53B020091CCAF /* PlayerProgressBarView.swift */ = {isa = PBXFileReference; lastKnownFileType = sourcecode.swift; path = PlayerProgressBarView.swift; sourceTree = "<group>"; };
		A2F1430C28C6501F0091CCAF /* Double+Utils.swift */ = {isa = PBXFileReference; lastKnownFileType = sourcecode.swift; path = "Double+Utils.swift"; sourceTree = "<group>"; };
		A2F1430E28C65D610091CCAF /* channels.json */ = {isa = PBXFileReference; lastKnownFileType = text.json; path = channels.json; sourceTree = "<group>"; };
		A2F1431028C65FBB0091CCAF /* PlayPauseView.swift */ = {isa = PBXFileReference; lastKnownFileType = sourcecode.swift; path = PlayPauseView.swift; sourceTree = "<group>"; };
		A2F1431328C761380091CCAF /* HCarouselView.swift */ = {isa = PBXFileReference; lastKnownFileType = sourcecode.swift; path = HCarouselView.swift; sourceTree = "<group>"; };
		A2F1431528C763320091CCAF /* CarouselViewController.swift */ = {isa = PBXFileReference; lastKnownFileType = sourcecode.swift; path = CarouselViewController.swift; sourceTree = "<group>"; };
		A2F1431728C764710091CCAF /* HCardCell.swift */ = {isa = PBXFileReference; lastKnownFileType = sourcecode.swift; path = HCardCell.swift; sourceTree = "<group>"; };
		A2F1431928C7654C0091CCAF /* UIImageView+Utils.swift */ = {isa = PBXFileReference; lastKnownFileType = sourcecode.swift; path = "UIImageView+Utils.swift"; sourceTree = "<group>"; };
		A2F1431B28C76F970091CCAF /* Networking.swift */ = {isa = PBXFileReference; lastKnownFileType = sourcecode.swift; path = Networking.swift; sourceTree = "<group>"; };
		A2F1431D28C76FA80091CCAF /* Channel.swift */ = {isa = PBXFileReference; lastKnownFileType = sourcecode.swift; path = Channel.swift; sourceTree = "<group>"; };
		A2F1432128C7CC100091CCAF /* Spinner.swift */ = {isa = PBXFileReference; lastKnownFileType = sourcecode.swift; path = Spinner.swift; sourceTree = "<group>"; };
		A2F1432328C7D1DA0091CCAF /* UIViewController+Utils.swift */ = {isa = PBXFileReference; lastKnownFileType = sourcecode.swift; path = "UIViewController+Utils.swift"; sourceTree = "<group>"; };
		A2F1432628C7F2870091CCAF /* ReactiveButton.swift */ = {isa = PBXFileReference; lastKnownFileType = sourcecode.swift; path = ReactiveButton.swift; sourceTree = "<group>"; };
		A2F1432828C7F2980091CCAF /* ReactiveViewController.swift */ = {isa = PBXFileReference; lastKnownFileType = sourcecode.swift; path = ReactiveViewController.swift; sourceTree = "<group>"; };
		A2F1433028CA2DFF0091CCAF /* Carousel.swift */ = {isa = PBXFileReference; lastKnownFileType = sourcecode.swift; path = Carousel.swift; sourceTree = "<group>"; };
		A2F1433A28CA38400091CCAF /* LandingViewController.swift */ = {isa = PBXFileReference; lastKnownFileType = sourcecode.swift; path = LandingViewController.swift; sourceTree = "<group>"; };
		A2F1433D28CA44960091CCAF /* CCardViewCell.swift */ = {isa = PBXFileReference; lastKnownFileType = sourcecode.swift; path = CCardViewCell.swift; sourceTree = "<group>"; };
		A2F1433E28CA44960091CCAF /* CCardViewCell.xib */ = {isa = PBXFileReference; lastKnownFileType = file.xib; path = CCardViewCell.xib; sourceTree = "<group>"; };
		A2F1434128CA59400091CCAF /* CarouselCell.swift */ = {isa = PBXFileReference; lastKnownFileType = sourcecode.swift; path = CarouselCell.swift; sourceTree = "<group>"; };
		A2FF139C28BA746A002F4F54 /* ShahidUIElements.app */ = {isa = PBXFileReference; explicitFileType = wrapper.application; includeInIndex = 0; path = ShahidUIElements.app; sourceTree = BUILT_PRODUCTS_DIR; };
		A2FF139F28BA746A002F4F54 /* AppDelegate.swift */ = {isa = PBXFileReference; lastKnownFileType = sourcecode.swift; path = AppDelegate.swift; sourceTree = "<group>"; };
		A2FF13A828BA746C002F4F54 /* Assets.xcassets */ = {isa = PBXFileReference; lastKnownFileType = folder.assetcatalog; path = Assets.xcassets; sourceTree = "<group>"; };
		A2FF13AB28BA746C002F4F54 /* Base */ = {isa = PBXFileReference; lastKnownFileType = file.storyboard; name = Base; path = Base.lproj/LaunchScreen.storyboard; sourceTree = "<group>"; };
		A2FF13AD28BA746C002F4F54 /* Info.plist */ = {isa = PBXFileReference; lastKnownFileType = text.plist.xml; path = Info.plist; sourceTree = "<group>"; };
		A2FF13B428BA74F3002F4F54 /* MainViewController.swift */ = {isa = PBXFileReference; lastKnownFileType = sourcecode.swift; path = MainViewController.swift; sourceTree = "<group>"; };
		A2FF13B628BA7616002F4F54 /* ButtonView.swift */ = {isa = PBXFileReference; lastKnownFileType = sourcecode.swift; path = ButtonView.swift; sourceTree = "<group>"; };
		A2FF13B828BAAF83002F4F54 /* Colors.swift */ = {isa = PBXFileReference; lastKnownFileType = sourcecode.swift; path = Colors.swift; sourceTree = "<group>"; };
		A2FF13BB28BAB214002F4F54 /* UIView+Utils.swift */ = {isa = PBXFileReference; lastKnownFileType = sourcecode.swift; path = "UIView+Utils.swift"; sourceTree = "<group>"; };
/* End PBXFileReference section */

/* Begin PBXFrameworksBuildPhase section */
		A2FF139928BA746A002F4F54 /* Frameworks */ = {
			isa = PBXFrameworksBuildPhase;
			buildActionMask = 2147483647;
			files = (
				A2F1432E28C942560091CCAF /* M3UKit in Frameworks */,
			);
			runOnlyForDeploymentPostprocessing = 0;
		};
/* End PBXFrameworksBuildPhase section */

/* Begin PBXGroup section */
		A2F142F328C4ED720091CCAF /* Box */ = {
			isa = PBXGroup;
			children = (
				A2F142F428C4ED840091CCAF /* BoxView.swift */,
			);
			path = Box;
			sourceTree = "<group>";
		};
		A2F142F628C4F2D50091CCAF /* TextInput */ = {
			isa = PBXGroup;
			children = (
				A2F142F728C4F2E60091CCAF /* TextInput.swift */,
			);
			path = TextInput;
			sourceTree = "<group>";
		};
		A2F142F928C4F4BA0091CCAF /* Base */ = {
			isa = PBXGroup;
			children = (
				A2F142FA28C4F4D50091CCAF /* BaseView.swift */,
			);
			path = Base;
			sourceTree = "<group>";
		};
		A2F1430028C532540091CCAF /* Player */ = {
			isa = PBXGroup;
			children = (
				A2F1430928C53AEC0091CCAF /* PlayerControls */,
				A2F1430128C532640091CCAF /* PlayerView.swift */,
				A2F1430328C5327E0091CCAF /* PlayerUIView.swift */,
				A2F1430528C532930091CCAF /* PlayerViewController.swift */,
			);
			path = Player;
			sourceTree = "<group>";
		};
		A2F1430928C53AEC0091CCAF /* PlayerControls */ = {
			isa = PBXGroup;
			children = (
				A2F1430A28C53B020091CCAF /* PlayerProgressBarView.swift */,
				A2F1431028C65FBB0091CCAF /* PlayPauseView.swift */,
			);
			path = PlayerControls;
			sourceTree = "<group>";
		};
		A2F1431228C7611F0091CCAF /* Carousel */ = {
			isa = PBXGroup;
			children = (
				A2F1431328C761380091CCAF /* HCarouselView.swift */,
				A2F1431528C763320091CCAF /* CarouselViewController.swift */,
				A2F1431728C764710091CCAF /* HCardCell.swift */,
			);
			path = Carousel;
			sourceTree = "<group>";
		};
		A2F1431F28C76FC70091CCAF /* DataModels */ = {
			isa = PBXGroup;
			children = (
				A2F1431D28C76FA80091CCAF /* Channel.swift */,
			);
			path = DataModels;
			sourceTree = "<group>";
		};
		A2F1432028C7CC000091CCAF /* Components */ = {
			isa = PBXGroup;
			children = (
				A2F1432128C7CC100091CCAF /* Spinner.swift */,
			);
			path = Components;
			sourceTree = "<group>";
		};
		A2F1432528C7F2730091CCAF /* ReactiveButton */ = {
			isa = PBXGroup;
			children = (
				A2F1432628C7F2870091CCAF /* ReactiveButton.swift */,
				A2F1432828C7F2980091CCAF /* ReactiveViewController.swift */,
			);
			path = ReactiveButton;
			sourceTree = "<group>";
		};
		A2F1432F28CA2DEC0091CCAF /* Landing */ = {
			isa = PBXGroup;
			children = (
				A2F1433C28CA44790091CCAF /* CCardCell */,
				A2F1433028CA2DFF0091CCAF /* Carousel.swift */,
				A2F1433A28CA38400091CCAF /* LandingViewController.swift */,
				A2F1434128CA59400091CCAF /* CarouselCell.swift */,
			);
			path = Landing;
			sourceTree = "<group>";
		};
		A2F1433C28CA44790091CCAF /* CCardCell */ = {
			isa = PBXGroup;
			children = (
				A2F1433D28CA44960091CCAF /* CCardViewCell.swift */,
				A2F1433E28CA44960091CCAF /* CCardViewCell.xib */,
			);
			path = CCardCell;
			sourceTree = "<group>";
		};
		A2FF139328BA746A002F4F54 = {
			isa = PBXGroup;
			children = (
				A2FF139E28BA746A002F4F54 /* ShahidUIElements */,
				A2FF139D28BA746A002F4F54 /* Products */,
			);
			sourceTree = "<group>";
		};
		A2FF139D28BA746A002F4F54 /* Products */ = {
			isa = PBXGroup;
			children = (
				A2FF139C28BA746A002F4F54 /* ShahidUIElements.app */,
			);
			name = Products;
			sourceTree = "<group>";
		};
		A2FF139E28BA746A002F4F54 /* ShahidUIElements */ = {
			isa = PBXGroup;
			children = (
				A2F1432F28CA2DEC0091CCAF /* Landing */,
				A2F1432528C7F2730091CCAF /* ReactiveButton */,
				A2F1432028C7CC000091CCAF /* Components */,
				A2F1431F28C76FC70091CCAF /* DataModels */,
				A2F1431228C7611F0091CCAF /* Carousel */,
				A2F1430028C532540091CCAF /* Player */,
				A2F142F928C4F4BA0091CCAF /* Base */,
				A2F142F628C4F2D50091CCAF /* TextInput */,
				A2F142F328C4ED720091CCAF /* Box */,
				A2FF13BD28BBDACA002F4F54 /* Buttons */,
				A2FF13B328BA74DA002F4F54 /* Files */,
				A2FF139F28BA746A002F4F54 /* AppDelegate.swift */,
				A2FF13B428BA74F3002F4F54 /* MainViewController.swift */,
				A2FF13BA28BAB0AA002F4F54 /* Utils */,
			);
			path = ShahidUIElements;
			sourceTree = "<group>";
		};
		A2FF13B328BA74DA002F4F54 /* Files */ = {
			isa = PBXGroup;
			children = (
				A2FF13AA28BA746C002F4F54 /* LaunchScreen.storyboard */,
				A2FF13A828BA746C002F4F54 /* Assets.xcassets */,
				A2FF13AD28BA746C002F4F54 /* Info.plist */,
				A2F1430E28C65D610091CCAF /* channels.json */,
			);
			name = Files;
			sourceTree = "<group>";
		};
		A2FF13BA28BAB0AA002F4F54 /* Utils */ = {
			isa = PBXGroup;
			children = (
				A2F1431B28C76F970091CCAF /* Networking.swift */,
				A2FF13B828BAAF83002F4F54 /* Colors.swift */,
				A2FF13BB28BAB214002F4F54 /* UIView+Utils.swift */,
				A2F142FE28C4FB030091CCAF /* Constants.swift */,
				A2F1430728C534200091CCAF /* AppUtils.swift */,
				A2F1430C28C6501F0091CCAF /* Double+Utils.swift */,
				A2F1431928C7654C0091CCAF /* UIImageView+Utils.swift */,
				A2F1432328C7D1DA0091CCAF /* UIViewController+Utils.swift */,
			);
			path = Utils;
			sourceTree = "<group>";
		};
		A2FF13BD28BBDACA002F4F54 /* Buttons */ = {
			isa = PBXGroup;
			children = (
				A2FF13B628BA7616002F4F54 /* ButtonView.swift */,
			);
			path = Buttons;
			sourceTree = "<group>";
		};
/* End PBXGroup section */

/* Begin PBXNativeTarget section */
		A2FF139B28BA746A002F4F54 /* ShahidUIElements */ = {
			isa = PBXNativeTarget;
			buildConfigurationList = A2FF13B028BA746C002F4F54 /* Build configuration list for PBXNativeTarget "ShahidUIElements" */;
			buildPhases = (
				A2FF139828BA746A002F4F54 /* Sources */,
				A2FF139928BA746A002F4F54 /* Frameworks */,
				A2FF139A28BA746A002F4F54 /* Resources */,
			);
			buildRules = (
			);
			dependencies = (
			);
			name = ShahidUIElements;
			packageProductDependencies = (
				A2F1432D28C942560091CCAF /* M3UKit */,
			);
			productName = ShahidUIElements;
			productReference = A2FF139C28BA746A002F4F54 /* ShahidUIElements.app */;
			productType = "com.apple.product-type.application";
		};
/* End PBXNativeTarget section */

/* Begin PBXProject section */
		A2FF139428BA746A002F4F54 /* Project object */ = {
			isa = PBXProject;
			attributes = {
				BuildIndependentTargetsInParallel = 1;
				LastSwiftUpdateCheck = 1340;
				LastUpgradeCheck = 1340;
				TargetAttributes = {
					A2FF139B28BA746A002F4F54 = {
						CreatedOnToolsVersion = 13.4.1;
					};
				};
			};
			buildConfigurationList = A2FF139728BA746A002F4F54 /* Build configuration list for PBXProject "ShahidUIElements" */;
			compatibilityVersion = "Xcode 13.0";
			developmentRegion = en;
			hasScannedForEncodings = 0;
			knownRegions = (
				en,
				Base,
			);
			mainGroup = A2FF139328BA746A002F4F54;
			packageReferences = (
				A2F1432C28C942560091CCAF /* XCRemoteSwiftPackageReference "M3UKit" */,
			);
			productRefGroup = A2FF139D28BA746A002F4F54 /* Products */;
			projectDirPath = "";
			projectRoot = "";
			targets = (
				A2FF139B28BA746A002F4F54 /* ShahidUIElements */,
			);
		};
/* End PBXProject section */

/* Begin PBXResourcesBuildPhase section */
		A2FF139A28BA746A002F4F54 /* Resources */ = {
			isa = PBXResourcesBuildPhase;
			buildActionMask = 2147483647;
			files = (
				A2F1430F28C65D610091CCAF /* channels.json in Resources */,
				A2FF13AC28BA746C002F4F54 /* LaunchScreen.storyboard in Resources */,
				A2F1434028CA44960091CCAF /* CCardViewCell.xib in Resources */,
				A2FF13A928BA746C002F4F54 /* Assets.xcassets in Resources */,
			);
			runOnlyForDeploymentPostprocessing = 0;
		};
/* End PBXResourcesBuildPhase section */

/* Begin PBXSourcesBuildPhase section */
		A2FF139828BA746A002F4F54 /* Sources */ = {
			isa = PBXSourcesBuildPhase;
			buildActionMask = 2147483647;
			files = (
				A2FF13A028BA746A002F4F54 /* AppDelegate.swift in Sources */,
				A2F142F528C4ED840091CCAF /* BoxView.swift in Sources */,
				A2FF13BC28BAB214002F4F54 /* UIView+Utils.swift in Sources */,
				A2F1432928C7F2980091CCAF /* ReactiveViewController.swift in Sources */,
				A2F1431828C764710091CCAF /* HCardCell.swift in Sources */,
				A2F1432728C7F2870091CCAF /* ReactiveButton.swift in Sources */,
				A2F1430828C534200091CCAF /* AppUtils.swift in Sources */,
				A2FF13B928BAAF83002F4F54 /* Colors.swift in Sources */,
				A2F1431C28C76F970091CCAF /* Networking.swift in Sources */,
				A2F1434228CA59400091CCAF /* CarouselCell.swift in Sources */,
				A2F1430B28C53B020091CCAF /* PlayerProgressBarView.swift in Sources */,
				A2F1432428C7D1DA0091CCAF /* UIViewController+Utils.swift in Sources */,
				A2F1430D28C6501F0091CCAF /* Double+Utils.swift in Sources */,
				A2FF13B528BA74F3002F4F54 /* MainViewController.swift in Sources */,
				A2F1432228C7CC100091CCAF /* Spinner.swift in Sources */,
				A2F1430628C532930091CCAF /* PlayerViewController.swift in Sources */,
				A2FF13B728BA7616002F4F54 /* ButtonView.swift in Sources */,
				A2F142FB28C4F4D50091CCAF /* BaseView.swift in Sources */,
				A2F1431E28C76FA80091CCAF /* Channel.swift in Sources */,
				A2F1433B28CA38400091CCAF /* LandingViewController.swift in Sources */,
				A2F142F828C4F2E60091CCAF /* TextInput.swift in Sources */,
				A2F1430228C532640091CCAF /* PlayerView.swift in Sources */,
				A2F1433F28CA44960091CCAF /* CCardViewCell.swift in Sources */,
				A2F1431128C65FBB0091CCAF /* PlayPauseView.swift in Sources */,
				A2F142FF28C4FB030091CCAF /* Constants.swift in Sources */,
				A2F1431428C761380091CCAF /* HCarouselView.swift in Sources */,
				A2F1431628C763320091CCAF /* CarouselViewController.swift in Sources */,
				A2F1431A28C7654C0091CCAF /* UIImageView+Utils.swift in Sources */,
				A2F1433128CA2DFF0091CCAF /* Carousel.swift in Sources */,
				A2F1430428C5327E0091CCAF /* PlayerUIView.swift in Sources */,
			);
			runOnlyForDeploymentPostprocessing = 0;
		};
/* End PBXSourcesBuildPhase section */

/* Begin PBXVariantGroup section */
		A2FF13AA28BA746C002F4F54 /* LaunchScreen.storyboard */ = {
			isa = PBXVariantGroup;
			children = (
				A2FF13AB28BA746C002F4F54 /* Base */,
			);
			name = LaunchScreen.storyboard;
			sourceTree = "<group>";
		};
/* End PBXVariantGroup section */

/* Begin XCBuildConfiguration section */
		A2FF13AE28BA746C002F4F54 /* Debug */ = {
			isa = XCBuildConfiguration;
			buildSettings = {
				ALWAYS_SEARCH_USER_PATHS = NO;
				CLANG_ANALYZER_NONNULL = YES;
				CLANG_ANALYZER_NUMBER_OBJECT_CONVERSION = YES_AGGRESSIVE;
				CLANG_CXX_LANGUAGE_STANDARD = "gnu++17";
				CLANG_ENABLE_MODULES = YES;
				CLANG_ENABLE_OBJC_ARC = YES;
				CLANG_ENABLE_OBJC_WEAK = YES;
				CLANG_WARN_BLOCK_CAPTURE_AUTORELEASING = YES;
				CLANG_WARN_BOOL_CONVERSION = YES;
				CLANG_WARN_COMMA = YES;
				CLANG_WARN_CONSTANT_CONVERSION = YES;
				CLANG_WARN_DEPRECATED_OBJC_IMPLEMENTATIONS = YES;
				CLANG_WARN_DIRECT_OBJC_ISA_USAGE = YES_ERROR;
				CLANG_WARN_DOCUMENTATION_COMMENTS = YES;
				CLANG_WARN_EMPTY_BODY = YES;
				CLANG_WARN_ENUM_CONVERSION = YES;
				CLANG_WARN_INFINITE_RECURSION = YES;
				CLANG_WARN_INT_CONVERSION = YES;
				CLANG_WARN_NON_LITERAL_NULL_CONVERSION = YES;
				CLANG_WARN_OBJC_IMPLICIT_RETAIN_SELF = YES;
				CLANG_WARN_OBJC_LITERAL_CONVERSION = YES;
				CLANG_WARN_OBJC_ROOT_CLASS = YES_ERROR;
				CLANG_WARN_QUOTED_INCLUDE_IN_FRAMEWORK_HEADER = YES;
				CLANG_WARN_RANGE_LOOP_ANALYSIS = YES;
				CLANG_WARN_STRICT_PROTOTYPES = YES;
				CLANG_WARN_SUSPICIOUS_MOVE = YES;
				CLANG_WARN_UNGUARDED_AVAILABILITY = YES_AGGRESSIVE;
				CLANG_WARN_UNREACHABLE_CODE = YES;
				CLANG_WARN__DUPLICATE_METHOD_MATCH = YES;
				COPY_PHASE_STRIP = NO;
				DEBUG_INFORMATION_FORMAT = dwarf;
				ENABLE_STRICT_OBJC_MSGSEND = YES;
				ENABLE_TESTABILITY = YES;
				GCC_C_LANGUAGE_STANDARD = gnu11;
				GCC_DYNAMIC_NO_PIC = NO;
				GCC_NO_COMMON_BLOCKS = YES;
				GCC_OPTIMIZATION_LEVEL = 0;
				GCC_PREPROCESSOR_DEFINITIONS = (
					"DEBUG=1",
					"$(inherited)",
				);
				GCC_WARN_64_TO_32_BIT_CONVERSION = YES;
				GCC_WARN_ABOUT_RETURN_TYPE = YES_ERROR;
				GCC_WARN_UNDECLARED_SELECTOR = YES;
				GCC_WARN_UNINITIALIZED_AUTOS = YES_AGGRESSIVE;
				GCC_WARN_UNUSED_FUNCTION = YES;
				GCC_WARN_UNUSED_VARIABLE = YES;
				IPHONEOS_DEPLOYMENT_TARGET = 15.5;
				MTL_ENABLE_DEBUG_INFO = INCLUDE_SOURCE;
				MTL_FAST_MATH = YES;
				ONLY_ACTIVE_ARCH = YES;
				SDKROOT = iphoneos;
				SWIFT_ACTIVE_COMPILATION_CONDITIONS = DEBUG;
				SWIFT_OPTIMIZATION_LEVEL = "-Onone";
			};
			name = Debug;
		};
		A2FF13AF28BA746C002F4F54 /* Release */ = {
			isa = XCBuildConfiguration;
			buildSettings = {
				ALWAYS_SEARCH_USER_PATHS = NO;
				CLANG_ANALYZER_NONNULL = YES;
				CLANG_ANALYZER_NUMBER_OBJECT_CONVERSION = YES_AGGRESSIVE;
				CLANG_CXX_LANGUAGE_STANDARD = "gnu++17";
				CLANG_ENABLE_MODULES = YES;
				CLANG_ENABLE_OBJC_ARC = YES;
				CLANG_ENABLE_OBJC_WEAK = YES;
				CLANG_WARN_BLOCK_CAPTURE_AUTORELEASING = YES;
				CLANG_WARN_BOOL_CONVERSION = YES;
				CLANG_WARN_COMMA = YES;
				CLANG_WARN_CONSTANT_CONVERSION = YES;
				CLANG_WARN_DEPRECATED_OBJC_IMPLEMENTATIONS = YES;
				CLANG_WARN_DIRECT_OBJC_ISA_USAGE = YES_ERROR;
				CLANG_WARN_DOCUMENTATION_COMMENTS = YES;
				CLANG_WARN_EMPTY_BODY = YES;
				CLANG_WARN_ENUM_CONVERSION = YES;
				CLANG_WARN_INFINITE_RECURSION = YES;
				CLANG_WARN_INT_CONVERSION = YES;
				CLANG_WARN_NON_LITERAL_NULL_CONVERSION = YES;
				CLANG_WARN_OBJC_IMPLICIT_RETAIN_SELF = YES;
				CLANG_WARN_OBJC_LITERAL_CONVERSION = YES;
				CLANG_WARN_OBJC_ROOT_CLASS = YES_ERROR;
				CLANG_WARN_QUOTED_INCLUDE_IN_FRAMEWORK_HEADER = YES;
				CLANG_WARN_RANGE_LOOP_ANALYSIS = YES;
				CLANG_WARN_STRICT_PROTOTYPES = YES;
				CLANG_WARN_SUSPICIOUS_MOVE = YES;
				CLANG_WARN_UNGUARDED_AVAILABILITY = YES_AGGRESSIVE;
				CLANG_WARN_UNREACHABLE_CODE = YES;
				CLANG_WARN__DUPLICATE_METHOD_MATCH = YES;
				COPY_PHASE_STRIP = NO;
				DEBUG_INFORMATION_FORMAT = "dwarf-with-dsym";
				ENABLE_NS_ASSERTIONS = NO;
				ENABLE_STRICT_OBJC_MSGSEND = YES;
				GCC_C_LANGUAGE_STANDARD = gnu11;
				GCC_NO_COMMON_BLOCKS = YES;
				GCC_WARN_64_TO_32_BIT_CONVERSION = YES;
				GCC_WARN_ABOUT_RETURN_TYPE = YES_ERROR;
				GCC_WARN_UNDECLARED_SELECTOR = YES;
				GCC_WARN_UNINITIALIZED_AUTOS = YES_AGGRESSIVE;
				GCC_WARN_UNUSED_FUNCTION = YES;
				GCC_WARN_UNUSED_VARIABLE = YES;
				IPHONEOS_DEPLOYMENT_TARGET = 15.5;
				MTL_ENABLE_DEBUG_INFO = NO;
				MTL_FAST_MATH = YES;
				SDKROOT = iphoneos;
				SWIFT_COMPILATION_MODE = wholemodule;
				SWIFT_OPTIMIZATION_LEVEL = "-O";
				VALIDATE_PRODUCT = YES;
			};
			name = Release;
		};
		A2FF13B128BA746C002F4F54 /* Debug */ = {
			isa = XCBuildConfiguration;
			buildSettings = {
				ASSETCATALOG_COMPILER_APPICON_NAME = AppIcon;
				ASSETCATALOG_COMPILER_GLOBAL_ACCENT_COLOR_NAME = AccentColor;
				CODE_SIGN_STYLE = Automatic;
				CURRENT_PROJECT_VERSION = 1;
				DEVELOPMENT_TEAM = LC228Q45LH;
				GENERATE_INFOPLIST_FILE = YES;
				INFOPLIST_FILE = ShahidUIElements/Info.plist;
				INFOPLIST_KEY_UIApplicationSupportsIndirectInputEvents = YES;
				INFOPLIST_KEY_UILaunchStoryboardName = LaunchScreen;
				INFOPLIST_KEY_UISupportedInterfaceOrientations_iPad = "UIInterfaceOrientationPortrait UIInterfaceOrientationPortraitUpsideDown UIInterfaceOrientationLandscapeLeft UIInterfaceOrientationLandscapeRight";
				INFOPLIST_KEY_UISupportedInterfaceOrientations_iPhone = "UIInterfaceOrientationPortrait UIInterfaceOrientationLandscapeLeft UIInterfaceOrientationLandscapeRight";
				LD_RUNPATH_SEARCH_PATHS = (
					"$(inherited)",
					"@executable_path/Frameworks",
				);
				MARKETING_VERSION = 1.0;
				PRODUCT_BUNDLE_IDENTIFIER = me.owais.ShahidUIElements;
				PRODUCT_NAME = "$(TARGET_NAME)";
				SWIFT_EMIT_LOC_STRINGS = YES;
				SWIFT_VERSION = 5.0;
				TARGETED_DEVICE_FAMILY = "1,2";
			};
			name = Debug;
		};
		A2FF13B228BA746C002F4F54 /* Release */ = {
			isa = XCBuildConfiguration;
			buildSettings = {
				ASSETCATALOG_COMPILER_APPICON_NAME = AppIcon;
				ASSETCATALOG_COMPILER_GLOBAL_ACCENT_COLOR_NAME = AccentColor;
				CODE_SIGN_STYLE = Automatic;
				CURRENT_PROJECT_VERSION = 1;
				DEVELOPMENT_TEAM = LC228Q45LH;
				GENERATE_INFOPLIST_FILE = YES;
				INFOPLIST_FILE = ShahidUIElements/Info.plist;
				INFOPLIST_KEY_UIApplicationSupportsIndirectInputEvents = YES;
				INFOPLIST_KEY_UILaunchStoryboardName = LaunchScreen;
				INFOPLIST_KEY_UISupportedInterfaceOrientations_iPad = "UIInterfaceOrientationPortrait UIInterfaceOrientationPortraitUpsideDown UIInterfaceOrientationLandscapeLeft UIInterfaceOrientationLandscapeRight";
				INFOPLIST_KEY_UISupportedInterfaceOrientations_iPhone = "UIInterfaceOrientationPortrait UIInterfaceOrientationLandscapeLeft UIInterfaceOrientationLandscapeRight";
				LD_RUNPATH_SEARCH_PATHS = (
					"$(inherited)",
					"@executable_path/Frameworks",
				);
				MARKETING_VERSION = 1.0;
				PRODUCT_BUNDLE_IDENTIFIER = me.owais.ShahidUIElements;
				PRODUCT_NAME = "$(TARGET_NAME)";
				SWIFT_EMIT_LOC_STRINGS = YES;
				SWIFT_VERSION = 5.0;
				TARGETED_DEVICE_FAMILY = "1,2";
			};
			name = Release;
		};
/* End XCBuildConfiguration section */

/* Begin XCConfigurationList section */
		A2FF139728BA746A002F4F54 /* Build configuration list for PBXProject "ShahidUIElements" */ = {
			isa = XCConfigurationList;
			buildConfigurations = (
				A2FF13AE28BA746C002F4F54 /* Debug */,
				A2FF13AF28BA746C002F4F54 /* Release */,
			);
			defaultConfigurationIsVisible = 0;
			defaultConfigurationName = Release;
		};
		A2FF13B028BA746C002F4F54 /* Build configuration list for PBXNativeTarget "ShahidUIElements" */ = {
			isa = XCConfigurationList;
			buildConfigurations = (
				A2FF13B128BA746C002F4F54 /* Debug */,
				A2FF13B228BA746C002F4F54 /* Release */,
			);
			defaultConfigurationIsVisible = 0;
			defaultConfigurationName = Release;
		};
/* End XCConfigurationList section */

/* Begin XCRemoteSwiftPackageReference section */
		A2F1432C28C942560091CCAF /* XCRemoteSwiftPackageReference "M3UKit" */ = {
			isa = XCRemoteSwiftPackageReference;
			repositoryURL = "https://github.com/omaralbeik/M3UKit.git";
			requirement = {
				kind = upToNextMajorVersion;
				minimumVersion = 0.6.0;
			};
		};
/* End XCRemoteSwiftPackageReference section */

/* Begin XCSwiftPackageProductDependency section */
		A2F1432D28C942560091CCAF /* M3UKit */ = {
			isa = XCSwiftPackageProductDependency;
			package = A2F1432C28C942560091CCAF /* XCRemoteSwiftPackageReference "M3UKit" */;
			productName = M3UKit;
		};
/* End XCSwiftPackageProductDependency section */
	};
	rootObject = A2FF139428BA746A002F4F54 /* Project object */;
}
